// !$*UTF8*$!
{
	archiveVersion = 1;
	classes = {
	};
	objectVersion = 46;
	objects = {

/* Begin PBXBuildFile section */
		9FDFC52C1D1F329400442AEB /* AppDelegate.swift in Sources */ = {isa = PBXBuildFile; fileRef = 9FDFC52B1D1F329400442AEB /* AppDelegate.swift */; };
		9FDFC52E1D1F329400442AEB /* SubclassExampleViewController.swift in Sources */ = {isa = PBXBuildFile; fileRef = 9FDFC52D1D1F329400442AEB /* SubclassExampleViewController.swift */; };
		9FDFC5311D1F329400442AEB /* Main.storyboard in Resources */ = {isa = PBXBuildFile; fileRef = 9FDFC52F1D1F329400442AEB /* Main.storyboard */; };
		9FDFC5331D1F329400442AEB /* Assets.xcassets in Resources */ = {isa = PBXBuildFile; fileRef = 9FDFC5321D1F329400442AEB /* Assets.xcassets */; };
		9FDFC5361D1F329400442AEB /* LaunchScreen.storyboard in Resources */ = {isa = PBXBuildFile; fileRef = 9FDFC5341D1F329400442AEB /* LaunchScreen.storyboard */; };
		9FDFC5411D1F329400442AEB /* SimplePageViewControllerTests.swift in Sources */ = {isa = PBXBuildFile; fileRef = 9FDFC5401D1F329400442AEB /* SimplePageViewControllerTests.swift */; };
		9FDFC54C1D1F329400442AEB /* SimplePageViewControllerUITests.swift in Sources */ = {isa = PBXBuildFile; fileRef = 9FDFC54B1D1F329400442AEB /* SimplePageViewControllerUITests.swift */; };
		9FDFC55A1D1F32B900442AEB /* InstantPageViewController.swift in Sources */ = {isa = PBXBuildFile; fileRef = 9FDFC5591D1F32B900442AEB /* InstantPageViewController.swift */; };
		9FDFC55C1D1F396D00442AEB /* ContentViewController.swift in Sources */ = {isa = PBXBuildFile; fileRef = 9FDFC55B1D1F396D00442AEB /* ContentViewController.swift */; };
		9FDFC55E1D1F40AA00442AEB /* CodeExampleViewController.swift in Sources */ = {isa = PBXBuildFile; fileRef = 9FDFC55D1D1F40AA00442AEB /* CodeExampleViewController.swift */; };
/* End PBXBuildFile section */

/* Begin PBXContainerItemProxy section */
		9FDFC53D1D1F329400442AEB /* PBXContainerItemProxy */ = {
			isa = PBXContainerItemProxy;
			containerPortal = 9FDFC5201D1F329400442AEB /* Project object */;
			proxyType = 1;
			remoteGlobalIDString = 9FDFC5271D1F329400442AEB;
			remoteInfo = SimplePageViewController;
		};
		9FDFC5481D1F329400442AEB /* PBXContainerItemProxy */ = {
			isa = PBXContainerItemProxy;
			containerPortal = 9FDFC5201D1F329400442AEB /* Project object */;
			proxyType = 1;
			remoteGlobalIDString = 9FDFC5271D1F329400442AEB;
			remoteInfo = SimplePageViewController;
		};
/* End PBXContainerItemProxy section */

/* Begin PBXFileReference section */
		9FDFC5281D1F329400442AEB /* InstantPageViewController.app */ = {isa = PBXFileReference; explicitFileType = wrapper.application; includeInIndex = 0; path = InstantPageViewController.app; sourceTree = BUILT_PRODUCTS_DIR; };
		9FDFC52B1D1F329400442AEB /* AppDelegate.swift */ = {isa = PBXFileReference; lastKnownFileType = sourcecode.swift; path = AppDelegate.swift; sourceTree = "<group>"; };
		9FDFC52D1D1F329400442AEB /* SubclassExampleViewController.swift */ = {isa = PBXFileReference; lastKnownFileType = sourcecode.swift; path = SubclassExampleViewController.swift; sourceTree = "<group>"; };
		9FDFC5301D1F329400442AEB /* Base */ = {isa = PBXFileReference; lastKnownFileType = file.storyboard; name = Base; path = Base.lproj/Main.storyboard; sourceTree = "<group>"; };
		9FDFC5321D1F329400442AEB /* Assets.xcassets */ = {isa = PBXFileReference; lastKnownFileType = folder.assetcatalog; path = Assets.xcassets; sourceTree = "<group>"; };
		9FDFC5351D1F329400442AEB /* Base */ = {isa = PBXFileReference; lastKnownFileType = file.storyboard; name = Base; path = Base.lproj/LaunchScreen.storyboard; sourceTree = "<group>"; };
		9FDFC5371D1F329400442AEB /* Info.plist */ = {isa = PBXFileReference; lastKnownFileType = text.plist.xml; path = Info.plist; sourceTree = "<group>"; };
		9FDFC53C1D1F329400442AEB /* InstantPageViewController.xctest */ = {isa = PBXFileReference; explicitFileType = wrapper.cfbundle; includeInIndex = 0; path = InstantPageViewController.xctest; sourceTree = BUILT_PRODUCTS_DIR; };
		9FDFC5401D1F329400442AEB /* SimplePageViewControllerTests.swift */ = {isa = PBXFileReference; lastKnownFileType = sourcecode.swift; path = SimplePageViewControllerTests.swift; sourceTree = "<group>"; };
		9FDFC5421D1F329400442AEB /* Info.plist */ = {isa = PBXFileReference; lastKnownFileType = text.plist.xml; path = Info.plist; sourceTree = "<group>"; };
		9FDFC5471D1F329400442AEB /* InstantPageViewController.xctest */ = {isa = PBXFileReference; explicitFileType = wrapper.cfbundle; includeInIndex = 0; path = InstantPageViewController.xctest; sourceTree = BUILT_PRODUCTS_DIR; };
		9FDFC54B1D1F329400442AEB /* SimplePageViewControllerUITests.swift */ = {isa = PBXFileReference; lastKnownFileType = sourcecode.swift; path = SimplePageViewControllerUITests.swift; sourceTree = "<group>"; };
		9FDFC54D1D1F329400442AEB /* Info.plist */ = {isa = PBXFileReference; lastKnownFileType = text.plist.xml; path = Info.plist; sourceTree = "<group>"; };
		9FDFC5591D1F32B900442AEB /* InstantPageViewController.swift */ = {isa = PBXFileReference; fileEncoding = 4; lastKnownFileType = sourcecode.swift; path = InstantPageViewController.swift; sourceTree = "<group>"; };
		9FDFC55B1D1F396D00442AEB /* ContentViewController.swift */ = {isa = PBXFileReference; fileEncoding = 4; lastKnownFileType = sourcecode.swift; path = ContentViewController.swift; sourceTree = "<group>"; };
		9FDFC55D1D1F40AA00442AEB /* CodeExampleViewController.swift */ = {isa = PBXFileReference; fileEncoding = 4; lastKnownFileType = sourcecode.swift; path = CodeExampleViewController.swift; sourceTree = "<group>"; };
/* End PBXFileReference section */

/* Begin PBXFrameworksBuildPhase section */
		9FDFC5251D1F329400442AEB /* Frameworks */ = {
			isa = PBXFrameworksBuildPhase;
			buildActionMask = 2147483647;
			files = (
			);
			runOnlyForDeploymentPostprocessing = 0;
		};
		9FDFC5391D1F329400442AEB /* Frameworks */ = {
			isa = PBXFrameworksBuildPhase;
			buildActionMask = 2147483647;
			files = (
			);
			runOnlyForDeploymentPostprocessing = 0;
		};
		9FDFC5441D1F329400442AEB /* Frameworks */ = {
			isa = PBXFrameworksBuildPhase;
			buildActionMask = 2147483647;
			files = (
			);
			runOnlyForDeploymentPostprocessing = 0;
		};
/* End PBXFrameworksBuildPhase section */

/* Begin PBXGroup section */
		9FDFC51F1D1F329400442AEB = {
			isa = PBXGroup;
			children = (
				9FDFC52A1D1F329400442AEB /* InstantPageViewController */,
				9FDFC53F1D1F329400442AEB /* InstantPageViewControllerTests */,
				9FDFC54A1D1F329400442AEB /* InstantPageViewControllerUITests */,
				9FDFC5291D1F329400442AEB /* Products */,
			);
			sourceTree = "<group>";
		};
		9FDFC5291D1F329400442AEB /* Products */ = {
			isa = PBXGroup;
			children = (
				9FDFC5281D1F329400442AEB /* InstantPageViewController.app */,
				9FDFC53C1D1F329400442AEB /* InstantPageViewController.xctest */,
				9FDFC5471D1F329400442AEB /* InstantPageViewController.xctest */,
			);
			name = Products;
			sourceTree = "<group>";
		};
		9FDFC52A1D1F329400442AEB /* InstantPageViewController */ = {
			isa = PBXGroup;
			children = (
				9FDFC52B1D1F329400442AEB /* AppDelegate.swift */,
				9FDFC5591D1F32B900442AEB /* InstantPageViewController.swift */,
				9FDFC52D1D1F329400442AEB /* SubclassExampleViewController.swift */,
				9FDFC55D1D1F40AA00442AEB /* CodeExampleViewController.swift */,
				9FDFC55B1D1F396D00442AEB /* ContentViewController.swift */,
				9FDFC52F1D1F329400442AEB /* Main.storyboard */,
				9FDFC5321D1F329400442AEB /* Assets.xcassets */,
				9FDFC5341D1F329400442AEB /* LaunchScreen.storyboard */,
				9FDFC5371D1F329400442AEB /* Info.plist */,
			);
			name = InstantPageViewController;
			path = SimplePageViewController;
			sourceTree = "<group>";
		};
		9FDFC53F1D1F329400442AEB /* InstantPageViewControllerTests */ = {
			isa = PBXGroup;
			children = (
				9FDFC5401D1F329400442AEB /* SimplePageViewControllerTests.swift */,
				9FDFC5421D1F329400442AEB /* Info.plist */,
			);
			name = InstantPageViewControllerTests;
			path = SimplePageViewControllerTests;
			sourceTree = "<group>";
		};
		9FDFC54A1D1F329400442AEB /* InstantPageViewControllerUITests */ = {
			isa = PBXGroup;
			children = (
				9FDFC54B1D1F329400442AEB /* SimplePageViewControllerUITests.swift */,
				9FDFC54D1D1F329400442AEB /* Info.plist */,
			);
			name = InstantPageViewControllerUITests;
			path = SimplePageViewControllerUITests;
			sourceTree = "<group>";
		};
/* End PBXGroup section */

/* Begin PBXNativeTarget section */
		9FDFC5271D1F329400442AEB /* InstantPageViewController */ = {
			isa = PBXNativeTarget;
			buildConfigurationList = 9FDFC5501D1F329400442AEB /* Build configuration list for PBXNativeTarget "InstantPageViewController" */;
			buildPhases = (
				9FDFC5241D1F329400442AEB /* Sources */,
				9FDFC5251D1F329400442AEB /* Frameworks */,
				9FDFC5261D1F329400442AEB /* Resources */,
			);
			buildRules = (
			);
			dependencies = (
			);
			name = InstantPageViewController;
			productName = SimplePageViewController;
			productReference = 9FDFC5281D1F329400442AEB /* InstantPageViewController.app */;
			productType = "com.apple.product-type.application";
		};
		9FDFC53B1D1F329400442AEB /* InstantPageViewControllerTests */ = {
			isa = PBXNativeTarget;
			buildConfigurationList = 9FDFC5531D1F329400442AEB /* Build configuration list for PBXNativeTarget "InstantPageViewControllerTests" */;
			buildPhases = (
				9FDFC5381D1F329400442AEB /* Sources */,
				9FDFC5391D1F329400442AEB /* Frameworks */,
				9FDFC53A1D1F329400442AEB /* Resources */,
			);
			buildRules = (
			);
			dependencies = (
				9FDFC53E1D1F329400442AEB /* PBXTargetDependency */,
			);
			name = InstantPageViewControllerTests;
			productName = SimplePageViewControllerTests;
			productReference = 9FDFC53C1D1F329400442AEB /* InstantPageViewController.xctest */;
			productType = "com.apple.product-type.bundle.unit-test";
		};
		9FDFC5461D1F329400442AEB /* InstantPageViewControllerUITests */ = {
			isa = PBXNativeTarget;
			buildConfigurationList = 9FDFC5561D1F329400442AEB /* Build configuration list for PBXNativeTarget "InstantPageViewControllerUITests" */;
			buildPhases = (
				9FDFC5431D1F329400442AEB /* Sources */,
				9FDFC5441D1F329400442AEB /* Frameworks */,
				9FDFC5451D1F329400442AEB /* Resources */,
			);
			buildRules = (
			);
			dependencies = (
				9FDFC5491D1F329400442AEB /* PBXTargetDependency */,
			);
			name = InstantPageViewControllerUITests;
			productName = SimplePageViewControllerUITests;
			productReference = 9FDFC5471D1F329400442AEB /* InstantPageViewController.xctest */;
			productType = "com.apple.product-type.bundle.ui-testing";
		};
/* End PBXNativeTarget section */

/* Begin PBXProject section */
		9FDFC5201D1F329400442AEB /* Project object */ = {
			isa = PBXProject;
			attributes = {
				LastSwiftUpdateCheck = 0730;
				LastUpgradeCheck = 0730;
				ORGANIZATIONNAME = Kiran;
				TargetAttributes = {
					9FDFC5271D1F329400442AEB = {
						CreatedOnToolsVersion = 7.3.1;
					};
					9FDFC53B1D1F329400442AEB = {
						CreatedOnToolsVersion = 7.3.1;
						TestTargetID = 9FDFC5271D1F329400442AEB;
					};
					9FDFC5461D1F329400442AEB = {
						CreatedOnToolsVersion = 7.3.1;
						TestTargetID = 9FDFC5271D1F329400442AEB;
					};
				};
			};
			buildConfigurationList = 9FDFC5231D1F329400442AEB /* Build configuration list for PBXProject "InstantPageViewController" */;
			compatibilityVersion = "Xcode 3.2";
			developmentRegion = English;
			hasScannedForEncodings = 0;
			knownRegions = (
				en,
				Base,
			);
			mainGroup = 9FDFC51F1D1F329400442AEB;
			productRefGroup = 9FDFC5291D1F329400442AEB /* Products */;
			projectDirPath = "";
			projectRoot = "";
			targets = (
				9FDFC5271D1F329400442AEB /* InstantPageViewController */,
				9FDFC53B1D1F329400442AEB /* InstantPageViewControllerTests */,
				9FDFC5461D1F329400442AEB /* InstantPageViewControllerUITests */,
			);
		};
/* End PBXProject section */

/* Begin PBXResourcesBuildPhase section */
		9FDFC5261D1F329400442AEB /* Resources */ = {
			isa = PBXResourcesBuildPhase;
			buildActionMask = 2147483647;
			files = (
				9FDFC5361D1F329400442AEB /* LaunchScreen.storyboard in Resources */,
				9FDFC5331D1F329400442AEB /* Assets.xcassets in Resources */,
				9FDFC5311D1F329400442AEB /* Main.storyboard in Resources */,
			);
			runOnlyForDeploymentPostprocessing = 0;
		};
		9FDFC53A1D1F329400442AEB /* Resources */ = {
			isa = PBXResourcesBuildPhase;
			buildActionMask = 2147483647;
			files = (
			);
			runOnlyForDeploymentPostprocessing = 0;
		};
		9FDFC5451D1F329400442AEB /* Resources */ = {
			isa = PBXResourcesBuildPhase;
			buildActionMask = 2147483647;
			files = (
			);
			runOnlyForDeploymentPostprocessing = 0;
		};
/* End PBXResourcesBuildPhase section */

/* Begin PBXSourcesBuildPhase section */
		9FDFC5241D1F329400442AEB /* Sources */ = {
			isa = PBXSourcesBuildPhase;
			buildActionMask = 2147483647;
			files = (
				9FDFC55C1D1F396D00442AEB /* ContentViewController.swift in Sources */,
				9FDFC55A1D1F32B900442AEB /* InstantPageViewController.swift in Sources */,
				9FDFC52E1D1F329400442AEB /* SubclassExampleViewController.swift in Sources */,
				9FDFC55E1D1F40AA00442AEB /* CodeExampleViewController.swift in Sources */,
				9FDFC52C1D1F329400442AEB /* AppDelegate.swift in Sources */,
			);
			runOnlyForDeploymentPostprocessing = 0;
		};
		9FDFC5381D1F329400442AEB /* Sources */ = {
			isa = PBXSourcesBuildPhase;
			buildActionMask = 2147483647;
			files = (
				9FDFC5411D1F329400442AEB /* SimplePageViewControllerTests.swift in Sources */,
			);
			runOnlyForDeploymentPostprocessing = 0;
		};
		9FDFC5431D1F329400442AEB /* Sources */ = {
			isa = PBXSourcesBuildPhase;
			buildActionMask = 2147483647;
			files = (
				9FDFC54C1D1F329400442AEB /* SimplePageViewControllerUITests.swift in Sources */,
			);
			runOnlyForDeploymentPostprocessing = 0;
		};
/* End PBXSourcesBuildPhase section */

/* Begin PBXTargetDependency section */
		9FDFC53E1D1F329400442AEB /* PBXTargetDependency */ = {
			isa = PBXTargetDependency;
			target = 9FDFC5271D1F329400442AEB /* InstantPageViewController */;
			targetProxy = 9FDFC53D1D1F329400442AEB /* PBXContainerItemProxy */;
		};
		9FDFC5491D1F329400442AEB /* PBXTargetDependency */ = {
			isa = PBXTargetDependency;
			target = 9FDFC5271D1F329400442AEB /* InstantPageViewController */;
			targetProxy = 9FDFC5481D1F329400442AEB /* PBXContainerItemProxy */;
		};
/* End PBXTargetDependency section */

/* Begin PBXVariantGroup section */
		9FDFC52F1D1F329400442AEB /* Main.storyboard */ = {
			isa = PBXVariantGroup;
			children = (
				9FDFC5301D1F329400442AEB /* Base */,
			);
			name = Main.storyboard;
			sourceTree = "<group>";
		};
		9FDFC5341D1F329400442AEB /* LaunchScreen.storyboard */ = {
			isa = PBXVariantGroup;
			children = (
				9FDFC5351D1F329400442AEB /* Base */,
			);
			name = LaunchScreen.storyboard;
			sourceTree = "<group>";
		};
/* End PBXVariantGroup section */

/* Begin XCBuildConfiguration section */
		9FDFC54E1D1F329400442AEB /* Debug */ = {
			isa = XCBuildConfiguration;
			buildSettings = {
				ALWAYS_SEARCH_USER_PATHS = NO;
				CLANG_ANALYZER_NONNULL = YES;
				CLANG_CXX_LANGUAGE_STANDARD = "gnu++0x";
				CLANG_CXX_LIBRARY = "libc++";
				CLANG_ENABLE_MODULES = YES;
				CLANG_ENABLE_OBJC_ARC = YES;
				CLANG_WARN_BOOL_CONVERSION = YES;
				CLANG_WARN_CONSTANT_CONVERSION = YES;
				CLANG_WARN_DIRECT_OBJC_ISA_USAGE = YES_ERROR;
				CLANG_WARN_EMPTY_BODY = YES;
				CLANG_WARN_ENUM_CONVERSION = YES;
				CLANG_WARN_INT_CONVERSION = YES;
				CLANG_WARN_OBJC_ROOT_CLASS = YES_ERROR;
				CLANG_WARN_UNREACHABLE_CODE = YES;
				CLANG_WARN__DUPLICATE_METHOD_MATCH = YES;
				"CODE_SIGN_IDENTITY[sdk=iphoneos*]" = "iPhone Developer";
				COPY_PHASE_STRIP = NO;
				DEBUG_INFORMATION_FORMAT = dwarf;
				ENABLE_STRICT_OBJC_MSGSEND = YES;
				ENABLE_TESTABILITY = YES;
				GCC_C_LANGUAGE_STANDARD = gnu99;
				GCC_DYNAMIC_NO_PIC = NO;
				GCC_NO_COMMON_BLOCKS = YES;
				GCC_OPTIMIZATION_LEVEL = 0;
				GCC_PREPROCESSOR_DEFINITIONS = (
					"DEBUG=1",
					"$(inherited)",
				);
				GCC_WARN_64_TO_32_BIT_CONVERSION = YES;
				GCC_WARN_ABOUT_RETURN_TYPE = YES_ERROR;
				GCC_WARN_UNDECLARED_SELECTOR = YES;
				GCC_WARN_UNINITIALIZED_AUTOS = YES_AGGRESSIVE;
				GCC_WARN_UNUSED_FUNCTION = YES;
				GCC_WARN_UNUSED_VARIABLE = YES;
				IPHONEOS_DEPLOYMENT_TARGET = 9.3;
				MTL_ENABLE_DEBUG_INFO = YES;
				ONLY_ACTIVE_ARCH = YES;
				SDKROOT = iphoneos;
				SWIFT_OPTIMIZATION_LEVEL = "-Onone";
				TARGETED_DEVICE_FAMILY = "1,2";
			};
			name = Debug;
		};
		9FDFC54F1D1F329400442AEB /* Release */ = {
			isa = XCBuildConfiguration;
			buildSettings = {
				ALWAYS_SEARCH_USER_PATHS = NO;
				CLANG_ANALYZER_NONNULL = YES;
				CLANG_CXX_LANGUAGE_STANDARD = "gnu++0x";
				CLANG_CXX_LIBRARY = "libc++";
				CLANG_ENABLE_MODULES = YES;
				CLANG_ENABLE_OBJC_ARC = YES;
				CLANG_WARN_BOOL_CONVERSION = YES;
				CLANG_WARN_CONSTANT_CONVERSION = YES;
				CLANG_WARN_DIRECT_OBJC_ISA_USAGE = YES_ERROR;
				CLANG_WARN_EMPTY_BODY = YES;
				CLANG_WARN_ENUM_CONVERSION = YES;
				CLANG_WARN_INT_CONVERSION = YES;
				CLANG_WARN_OBJC_ROOT_CLASS = YES_ERROR;
				CLANG_WARN_UNREACHABLE_CODE = YES;
				CLANG_WARN__DUPLICATE_METHOD_MATCH = YES;
				"CODE_SIGN_IDENTITY[sdk=iphoneos*]" = "iPhone Developer";
				COPY_PHASE_STRIP = NO;
				DEBUG_INFORMATION_FORMAT = "dwarf-with-dsym";
				ENABLE_NS_ASSERTIONS = NO;
				ENABLE_STRICT_OBJC_MSGSEND = YES;
				GCC_C_LANGUAGE_STANDARD = gnu99;
				GCC_NO_COMMON_BLOCKS = YES;
				GCC_WARN_64_TO_32_BIT_CONVERSION = YES;
				GCC_WARN_ABOUT_RETURN_TYPE = YES_ERROR;
				GCC_WARN_UNDECLARED_SELECTOR = YES;
				GCC_WARN_UNINITIALIZED_AUTOS = YES_AGGRESSIVE;
				GCC_WARN_UNUSED_FUNCTION = YES;
				GCC_WARN_UNUSED_VARIABLE = YES;
				IPHONEOS_DEPLOYMENT_TARGET = 9.3;
				MTL_ENABLE_DEBUG_INFO = NO;
				SDKROOT = iphoneos;
				TARGETED_DEVICE_FAMILY = "1,2";
				VALIDATE_PRODUCT = YES;
			};
			name = Release;
		};
		9FDFC5511D1F329400442AEB /* Debug */ = {
			isa = XCBuildConfiguration;
			buildSettings = {
				ASSETCATALOG_COMPILER_APPICON_NAME = AppIcon;
				INFOPLIST_FILE = SimplePageViewController/Info.plist;
				LD_RUNPATH_SEARCH_PATHS = "$(inherited) @executable_path/Frameworks";
				PRODUCT_BUNDLE_IDENTIFIER = self.edu.SimplePageViewController;
				PRODUCT_NAME = InstantPageViewController;
			};
			name = Debug;
		};
		9FDFC5521D1F329400442AEB /* Release */ = {
			isa = XCBuildConfiguration;
			buildSettings = {
				ASSETCATALOG_COMPILER_APPICON_NAME = AppIcon;
				INFOPLIST_FILE = SimplePageViewController/Info.plist;
				LD_RUNPATH_SEARCH_PATHS = "$(inherited) @executable_path/Frameworks";
				PRODUCT_BUNDLE_IDENTIFIER = self.edu.SimplePageViewController;
				PRODUCT_NAME = InstantPageViewController;
			};
			name = Release;
		};
		9FDFC5541D1F329400442AEB /* Debug */ = {
			isa = XCBuildConfiguration;
			buildSettings = {
				BUNDLE_LOADER = "$(TEST_HOST)";
				INFOPLIST_FILE = SimplePageViewControllerTests/Info.plist;
				LD_RUNPATH_SEARCH_PATHS = "$(inherited) @executable_path/Frameworks @loader_path/Frameworks";
				PRODUCT_BUNDLE_IDENTIFIER = self.edu.SimplePageViewControllerTests;
				PRODUCT_NAME = InstantPageViewController;
				TEST_HOST = "$(BUILT_PRODUCTS_DIR)/InstantPageViewController.app/InstantPageViewController";
			};
			name = Debug;
		};
		9FDFC5551D1F329400442AEB /* Release */ = {
			isa = XCBuildConfiguration;
			buildSettings = {
				BUNDLE_LOADER = "$(TEST_HOST)";
				INFOPLIST_FILE = SimplePageViewControllerTests/Info.plist;
				LD_RUNPATH_SEARCH_PATHS = "$(inherited) @executable_path/Frameworks @loader_path/Frameworks";
				PRODUCT_BUNDLE_IDENTIFIER = self.edu.SimplePageViewControllerTests;
				PRODUCT_NAME = InstantPageViewController;
				TEST_HOST = "$(BUILT_PRODUCTS_DIR)/InstantPageViewController.app/InstantPageViewController";
			};
			name = Release;
		};
		9FDFC5571D1F329400442AEB /* Debug */ = {
			isa = XCBuildConfiguration;
			buildSettings = {
				INFOPLIST_FILE = SimplePageViewControllerUITests/Info.plist;
				LD_RUNPATH_SEARCH_PATHS = "$(inherited) @executable_path/Frameworks @loader_path/Frameworks";
				PRODUCT_BUNDLE_IDENTIFIER = self.edu.SimplePageViewControllerUITests;
				PRODUCT_NAME = InstantPageViewController;
				TEST_TARGET_NAME = SimplePageViewController;
			};
			name = Debug;
		};
		9FDFC5581D1F329400442AEB /* Release */ = {
			isa = XCBuildConfiguration;
			buildSettings = {
				INFOPLIST_FILE = SimplePageViewControllerUITests/Info.plist;
				LD_RUNPATH_SEARCH_PATHS = "$(inherited) @executable_path/Frameworks @loader_path/Frameworks";
				PRODUCT_BUNDLE_IDENTIFIER = self.edu.SimplePageViewControllerUITests;
				PRODUCT_NAME = InstantPageViewController;
				TEST_TARGET_NAME = SimplePageViewController;
			};
			name = Release;
		};
/* End XCBuildConfiguration section */

/* Begin XCConfigurationList section */
		9FDFC5231D1F329400442AEB /* Build configuration list for PBXProject "InstantPageViewController" */ = {
			isa = XCConfigurationList;
			buildConfigurations = (
				9FDFC54E1D1F329400442AEB /* Debug */,
				9FDFC54F1D1F329400442AEB /* Release */,
			);
			defaultConfigurationIsVisible = 0;
			defaultConfigurationName = Release;
		};
		9FDFC5501D1F329400442AEB /* Build configuration list for PBXNativeTarget "InstantPageViewController" */ = {
			isa = XCConfigurationList;
			buildConfigurations = (
				9FDFC5511D1F329400442AEB /* Debug */,
				9FDFC5521D1F329400442AEB /* Release */,
			);
			defaultConfigurationIsVisible = 0;
			defaultConfigurationName = Release;
		};
		9FDFC5531D1F329400442AEB /* Build configuration list for PBXNativeTarget "InstantPageViewControllerTests" */ = {
			isa = XCConfigurationList;
			buildConfigurations = (
				9FDFC5541D1F329400442AEB /* Debug */,
				9FDFC5551D1F329400442AEB /* Release */,
			);
			defaultConfigurationIsVisible = 0;
			defaultConfigurationName = Release;
		};
		9FDFC5561D1F329400442AEB /* Build configuration list for PBXNativeTarget "InstantPageViewControllerUITests" */ = {
			isa = XCConfigurationList;
			buildConfigurations = (
				9FDFC5571D1F329400442AEB /* Debug */,
				9FDFC5581D1F329400442AEB /* Release */,
			);
			defaultConfigurationIsVisible = 0;
			defaultConfigurationName = Release;
		};
/* End XCConfigurationList section */
	};
	rootObject = 9FDFC5201D1F329400442AEB /* Project object */;
}
